
Microsoft Visual Studio Solution File, Format Version 12.00
# Visual Studio Version 16
VisualStudioVersion = 16.0.29519.87
MinimumVisualStudioVersion = 10.0.40219.1
Project("{FAE04EC0-301F-11D3-BF4B-00C04F79EFBC}") = "BlackTeal R6S External ESP", "BlackTeal R6S External ESP\BlackTeal R6S External ESP.csproj", "{D7DB1835-B172-4DBF-A1BF-37E38B945B2D}"
EndProject
Global
	GlobalSection(SolutionConfigurationPlatforms) = preSolution
		Debug|Any CPU = Debug|Any CPU
		Release|Any CPU = Release|Any CPU
	EndGlobalSection
	GlobalSection(ProjectConfigurationPlatforms) = postSolution
		{D7DB1835-B172-4DBF-A1BF-37E38B945B2D}.Debug|Any CPU.ActiveCfg = Debug|Any CPU
		{D7DB1835-B172-4DBF-A1BF-37E38B945B2D}.Debug|Any CPU.Build.0 = Debug|Any CPU
		{D7DB1835-B172-4DBF-A1BF-37E38B945B2D}.Release|Any CPU.ActiveCfg = Release|Any CPU
		{D7DB1835-B172-4DBF-A1BF-37E38B945B2D}.Release|Any CPU.Build.0 = Release|Any CPU
	EndGlobalSection
	GlobalSection(SolutionProperties) = preSolution
		HideSolutionNode = FALSE
	EndGlobalSection
	GlobalSection(ExtensibilityGlobals) = postSolution
		SolutionGuid = {5F5BA405-A82D-45CB-B715-52A4D87BC4AE}
	EndGlobalSection
EndGlobal
